
Microsoft Visual Studio Solution File, Format Version 12.00
# Visual Studio 14
VisualStudioVersion = 14.0.25420.1
MinimumVisualStudioVersion = 10.0.40219.1
Project("{2150E333-8FDC-42A3-9474-1A3956D46DE8}") = "Solution Items", "Solution Items", "{FC05EAF9-8F03-4B4A-A277-0FEEF5A38B28}"
	ProjectSection(SolutionItems) = preProject
		.gitignore = .gitignore
		appveyor.yml = appveyor.yml
		build.ps1 = build.ps1
		LICENSE = LICENSE
		NuGet.Config = NuGet.Config
		README.md = README.md
	EndProjectSection
EndProject
Project("{2150E333-8FDC-42A3-9474-1A3956D46DE8}") = "build", "build", "{1A3F0BA5-70C5-4226-B81D-332EEE7796E8}"
	ProjectSection(SolutionItems) = preProject
		build\build.ps1 = build\build.ps1
		build\packages.config = build\packages.config
	EndProjectSection
EndProject
Project("{2150E333-8FDC-42A3-9474-1A3956D46DE8}") = "src", "src", "{CA9955D7-9B81-4AC2-B8A9-30CC866D11D1}"
EndProject
Project("{2150E333-8FDC-42A3-9474-1A3956D46DE8}") = "test", "test", "{393E7CFA-2C2E-4963-9797-3A1AB3DBAFCB}"
EndProject
Project("{8BB2217D-0F2D-49D1-97BC-3654ED321F3B}") = "Knapcode.ToStorage.Core", "src\Knapcode.ToStorage.Core\Knapcode.ToStorage.Core.xproj", "{1C1B98AF-5BB6-41D0-AA96-3CB544D9ABD5}"
EndProject
Project("{8BB2217D-0F2D-49D1-97BC-3654ED321F3B}") = "Knapcode.ToStorage.Tool", "src\Knapcode.ToStorage.Tool\Knapcode.ToStorage.Tool.xproj", "{99B723B7-C3B2-43AC-A550-32F2AF520AB8}"
EndProject
Project("{8BB2217D-0F2D-49D1-97BC-3654ED321F3B}") = "Knapcode.ToStorage.Core.Test", "test\Knapcode.ToStorage.Core.Test\Knapcode.ToStorage.Core.Test.xproj", "{442C42E2-A05E-433C-89DE-0F1CE5EE8B4E}"
EndProject
Project("{8BB2217D-0F2D-49D1-97BC-3654ED321F3B}") = "Knapcode.ToStorage.Tool.Test", "test\Knapcode.ToStorage.Tool.Test\Knapcode.ToStorage.Tool.Test.xproj", "{97FAC165-C192-4673-A069-9878F3E9897B}"
EndProject
Global
	GlobalSection(SolutionConfigurationPlatforms) = preSolution
		Debug|Any CPU = Debug|Any CPU
		Release|Any CPU = Release|Any CPU
	EndGlobalSection
	GlobalSection(ProjectConfigurationPlatforms) = postSolution
		{1C1B98AF-5BB6-41D0-AA96-3CB544D9ABD5}.Debug|Any CPU.ActiveCfg = Debug|Any CPU
		{1C1B98AF-5BB6-41D0-AA96-3CB544D9ABD5}.Debug|Any CPU.Build.0 = Debug|Any CPU
		{1C1B98AF-5BB6-41D0-AA96-3CB544D9ABD5}.Release|Any CPU.ActiveCfg = Release|Any CPU
		{1C1B98AF-5BB6-41D0-AA96-3CB544D9ABD5}.Release|Any CPU.Build.0 = Release|Any CPU
		{99B723B7-C3B2-43AC-A550-32F2AF520AB8}.Debug|Any CPU.ActiveCfg = Debug|Any CPU
		{99B723B7-C3B2-43AC-A550-32F2AF520AB8}.Debug|Any CPU.Build.0 = Debug|Any CPU
		{99B723B7-C3B2-43AC-A550-32F2AF520AB8}.Release|Any CPU.ActiveCfg = Release|Any CPU
		{99B723B7-C3B2-43AC-A550-32F2AF520AB8}.Release|Any CPU.Build.0 = Release|Any CPU
		{442C42E2-A05E-433C-89DE-0F1CE5EE8B4E}.Debug|Any CPU.ActiveCfg = Debug|Any CPU
		{442C42E2-A05E-433C-89DE-0F1CE5EE8B4E}.Debug|Any CPU.Build.0 = Debug|Any CPU
		{442C42E2-A05E-433C-89DE-0F1CE5EE8B4E}.Release|Any CPU.ActiveCfg = Release|Any CPU
		{442C42E2-A05E-433C-89DE-0F1CE5EE8B4E}.Release|Any CPU.Build.0 = Release|Any CPU
		{97FAC165-C192-4673-A069-9878F3E9897B}.Debug|Any CPU.ActiveCfg = Debug|Any CPU
		{97FAC165-C192-4673-A069-9878F3E9897B}.Debug|Any CPU.Build.0 = Debug|Any CPU
		{97FAC165-C192-4673-A069-9878F3E9897B}.Release|Any CPU.ActiveCfg = Release|Any CPU
		{97FAC165-C192-4673-A069-9878F3E9897B}.Release|Any CPU.Build.0 = Release|Any CPU
	EndGlobalSection
	GlobalSection(SolutionProperties) = preSolution
		HideSolutionNode = FALSE
	EndGlobalSection
	GlobalSection(NestedProjects) = preSolution
		{1A3F0BA5-70C5-4226-B81D-332EEE7796E8} = {FC05EAF9-8F03-4B4A-A277-0FEEF5A38B28}
		{1C1B98AF-5BB6-41D0-AA96-3CB544D9ABD5} = {CA9955D7-9B81-4AC2-B8A9-30CC866D11D1}
		{99B723B7-C3B2-43AC-A550-32F2AF520AB8} = {CA9955D7-9B81-4AC2-B8A9-30CC866D11D1}
		{442C42E2-A05E-433C-89DE-0F1CE5EE8B4E} = {393E7CFA-2C2E-4963-9797-3A1AB3DBAFCB}
		{97FAC165-C192-4673-A069-9878F3E9897B} = {393E7CFA-2C2E-4963-9797-3A1AB3DBAFCB}
	EndGlobalSection
EndGlobal
